{
  "version": 1,
  "dependencies": {
    ".NETFramework,Version=v4.5.2": {
      "GitVersionTask": {
        "type": "Direct",
        "requested": "[5.3.5, )",
        "resolved": "5.3.5",
        "contentHash": "yuII5QntMXTbcn0enIQXqbkVN9fjkuZ2tIf+uOWK+aqfZpqZKadlWfR2vSxNUsinTKvONoHFvsX/2XzxBR1Fzg=="
      },
      "Google.Protobuf": {
        "type": "Direct",
        "requested": "[3.12.2, )",
        "resolved": "3.12.2",
        "contentHash": "8JZLQ9UGwBltiGF6EfFaHa2NG1IlNzadyi4d+9rCjGa8/M+beummP4BRY1vFl1i4Wm8kicEC22Shm8ecQmjaYQ==",
        "dependencies": {
          "System.Memory": "4.5.2"
        }
      },
      "Grpc.Core": {
        "type": "Direct",
        "requested": "[2.29.0, )",
        "resolved": "2.29.0",
        "contentHash": "F9RbZC5whiXi6f/PuNDxSQvDkkwOv4EssWIcPAIoSRqNJcOyrd/e87pnE2NGcy9Rn/JKxR1Us8jclWFbqhpktQ==",
        "dependencies": {
          "Grpc.Core.Api": "2.29.0",
          "System.Memory": "4.5.3"
        }
      },
      "Grpc.Tools": {
        "type": "Direct",
        "requested": "[2.29.0, )",
        "resolved": "2.29.0",
        "contentHash": "pAftupednGwyRuldJAXjtsYKHdbhE5IsPI1spdTf193OMq9Fvj5OgEtVCTiTkAN7Ui+dc9X4UeDOaY9imqS79g=="
      },
      "Microsoft.SourceLink.GitHub": {
        "type": "Direct",
        "requested": "[1.0.0, )",
        "resolved": "1.0.0",
        "contentHash": "aZyGyGg2nFSxix+xMkPmlmZSsnGQ3w+mIG23LTxJZHN+GPwTQ5FpPgDo7RMOq+Kcf5D4hFWfXkGhoGstawX13Q==",
        "dependencies": {
          "Microsoft.Build.Tasks.Git": "1.0.0",
          "Microsoft.SourceLink.Common": "1.0.0"
        }
      },
      "Grpc.Core.Api": {
        "type": "Transitive",
        "resolved": "2.29.0",
        "contentHash": "0jBIZo2f6KkCPD0vxD8rs4tASTp0lwPcyE8BfxQ/dx39eQ4qAPD/eB7JZNlG9rXrzrYBuU4Etdr4eysYVddqYA==",
        "dependencies": {
          "System.Memory": "4.5.3"
        }
      },
      "Microsoft.Build.Tasks.Git": {
        "type": "Transitive",
        "resolved": "1.0.0",
        "contentHash": "z2fpmmt+1Jfl+ZnBki9nSP08S1/tbEOxFdsK1rSR+LBehIJz1Xv9/6qOOoGNqlwnAGGVGis1Oj6S8Kt9COEYlQ=="
      },
      "Microsoft.SourceLink.Common": {
        "type": "Transitive",
        "resolved": "1.0.0",
        "contentHash": "G8DuQY8/DK5NN+3jm5wcMcd9QYD90UV7MiLmdljSJixi3U/vNaeBKmmXUqI4DJCOeWizIUEh4ALhSt58mR+5eg=="
      },
      "System.Buffers": {
        "type": "Transitive",
        "resolved": "4.4.0",
        "contentHash": "AwarXzzoDwX6BgrhjoJsk6tUezZEozOT5Y9QKF94Gl4JK91I4PIIBkBco9068Y9/Dra8Dkbie99kXB8+1BaYKw=="
      },
      "System.Memory": {
        "type": "Transitive",
        "resolved": "4.5.3",
        "contentHash": "3oDzvc/zzetpTKWMShs1AADwZjQ/36HnsufHRPcOjyRAAMLDlu2iD33MBI2opxnezcVUtXyqDXXjoFMOU9c7SA==",
        "dependencies": {
          "System.Buffers": "4.4.0",
          "System.Runtime.CompilerServices.Unsafe": "4.5.2"
        }
      },
      "System.Runtime.CompilerServices.Unsafe": {
        "type": "Transitive",
        "resolved": "4.5.2",
        "contentHash": "wprSFgext8cwqymChhrBLu62LMg/1u92bU+VOwyfBimSPVFXtsNqEWC92Pf9ofzJFlk4IHmJA75EDJn1b2goAQ=="
      }
    },
    ".NETStandard,Version=v2.0": {
      "GitVersionTask": {
        "type": "Direct",
        "requested": "[5.3.5, )",
        "resolved": "5.3.5",
        "contentHash": "yuII5QntMXTbcn0enIQXqbkVN9fjkuZ2tIf+uOWK+aqfZpqZKadlWfR2vSxNUsinTKvONoHFvsX/2XzxBR1Fzg=="
      },
      "Google.Protobuf": {
        "type": "Direct",
        "requested": "[3.12.2, )",
        "resolved": "3.12.2",
        "contentHash": "8JZLQ9UGwBltiGF6EfFaHa2NG1IlNzadyi4d+9rCjGa8/M+beummP4BRY1vFl1i4Wm8kicEC22Shm8ecQmjaYQ==",
        "dependencies": {
          "System.Memory": "4.5.2"
        }
      },
      "Grpc.Core": {
        "type": "Direct",
        "requested": "[2.29.0, )",
        "resolved": "2.29.0",
        "contentHash": "F9RbZC5whiXi6f/PuNDxSQvDkkwOv4EssWIcPAIoSRqNJcOyrd/e87pnE2NGcy9Rn/JKxR1Us8jclWFbqhpktQ==",
        "dependencies": {
          "Grpc.Core.Api": "2.29.0",
          "System.Memory": "4.5.3"
        }
      },
      "Grpc.Tools": {
        "type": "Direct",
        "requested": "[2.29.0, )",
        "resolved": "2.29.0",
        "contentHash": "pAftupednGwyRuldJAXjtsYKHdbhE5IsPI1spdTf193OMq9Fvj5OgEtVCTiTkAN7Ui+dc9X4UeDOaY9imqS79g=="
      },
      "Microsoft.SourceLink.GitHub": {
        "type": "Direct",
        "requested": "[1.0.0, )",
        "resolved": "1.0.0",
        "contentHash": "aZyGyGg2nFSxix+xMkPmlmZSsnGQ3w+mIG23LTxJZHN+GPwTQ5FpPgDo7RMOq+Kcf5D4hFWfXkGhoGstawX13Q==",
        "dependencies": {
          "Microsoft.Build.Tasks.Git": "1.0.0",
          "Microsoft.SourceLink.Common": "1.0.0"
        }
      },
      "NETStandard.Library": {
        "type": "Direct",
        "requested": "[2.0.3, )",
        "resolved": "2.0.3",
        "contentHash": "st47PosZSHrjECdjeIzZQbzivYBJFv6P2nv4cj2ypdI204DO+vZ7l5raGMiX4eXMJ53RfOIg+/s4DHVZ54Nu2A==",
        "dependencies": {
          "Microsoft.NETCore.Platforms": "1.1.0"
        }
      },
      "Grpc.Core.Api": {
        "type": "Transitive",
        "resolved": "2.29.0",
        "contentHash": "0jBIZo2f6KkCPD0vxD8rs4tASTp0lwPcyE8BfxQ/dx39eQ4qAPD/eB7JZNlG9rXrzrYBuU4Etdr4eysYVddqYA==",
        "dependencies": {
          "System.Memory": "4.5.3"
        }
      },
      "Microsoft.Build.Tasks.Git": {
        "type": "Transitive",
        "resolved": "1.0.0",
        "contentHash": "z2fpmmt+1Jfl+ZnBki9nSP08S1/tbEOxFdsK1rSR+LBehIJz1Xv9/6qOOoGNqlwnAGGVGis1Oj6S8Kt9COEYlQ=="
      },
      "Microsoft.NETCore.Platforms": {
        "type": "Transitive",
        "resolved": "1.1.0",
        "contentHash": "kz0PEW2lhqygehI/d6XsPCQzD7ff7gUJaVGPVETX611eadGsA3A877GdSlU0LRVMCTH/+P3o2iDTak+S08V2+A=="
      },
      "Microsoft.SourceLink.Common": {
        "type": "Transitive",
        "resolved": "1.0.0",
        "contentHash": "G8DuQY8/DK5NN+3jm5wcMcd9QYD90UV7MiLmdljSJixi3U/vNaeBKmmXUqI4DJCOeWizIUEh4ALhSt58mR+5eg=="
      },
      "System.Buffers": {
        "type": "Transitive",
        "resolved": "4.4.0",
        "contentHash": "AwarXzzoDwX6BgrhjoJsk6tUezZEozOT5Y9QKF94Gl4JK91I4PIIBkBco9068Y9/Dra8Dkbie99kXB8+1BaYKw=="
      },
      "System.Memory": {
        "type": "Transitive",
        "resolved": "4.5.3",
        "contentHash": "3oDzvc/zzetpTKWMShs1AADwZjQ/36HnsufHRPcOjyRAAMLDlu2iD33MBI2opxnezcVUtXyqDXXjoFMOU9c7SA==",
        "dependencies": {
          "System.Buffers": "4.4.0",
          "System.Numerics.Vectors": "4.4.0",
          "System.Runtime.CompilerServices.Unsafe": "4.5.2"
        }
      },
      "System.Numerics.Vectors": {
        "type": "Transitive",
        "resolved": "4.4.0",
        "contentHash": "UiLzLW+Lw6HLed1Hcg+8jSRttrbuXv7DANVj0DkL9g6EnnzbL75EB7EWsw5uRbhxd/4YdG8li5XizGWepmG3PQ=="
      },
      "System.Runtime.CompilerServices.Unsafe": {
        "type": "Transitive",
        "resolved": "4.5.2",
        "contentHash": "wprSFgext8cwqymChhrBLu62LMg/1u92bU+VOwyfBimSPVFXtsNqEWC92Pf9ofzJFlk4IHmJA75EDJn1b2goAQ=="
      }
    }
  }
}